github.com/MicahParks/jwkset v0.9.1 h1:nbRJmBYphDuzgSrlq0SG6CZ2QCJB0Be9R98TEWxLjGw=
github.com/MicahParks/jwkset v0.9.1/go.mod h1:U2oRhRaLgDCLjtpGL2GseNKGmZtLs/3O7p+OZaL5vo0=
golang.org/x/time v0.9.0 h1:EsRrnYcQiGH+5FfbgvV4AP7qEZstoyrHB0DzarOQ4ZY=
golang.org/x/time v0.9.0/go.mod h1:3BpzKBy/shNhVucY/MWOyx10tF3SFh9QdLuxbVysPQM=
