github.com/MicahParks/jsontype v0.6.1 h1:yFiDEOgSCDT+Es8k17PYZkvpqbZJ9GxJH2ioeVGvgt0=
github.com/MicahParks/jsontype v0.6.1/go.mod h1:PVeg4g8eHt4QDlhe56X1sWzRuHiVlCg4m0vgkpEso/Y=
github.com/MicahParks/jwkset v0.11.3 h1:Phli4RdTDdIdLXZpuO7abkwZyzIk0RDTUPVVBHPRdkQ=
github.com/MicahParks/jwkset v0.11.3/go.mod h1:U2oRhRaLgDCLjtpGL2GseNKGmZtLs/3O7p+OZaL5vo0=
github.com/MicahParks/recaptcha v0.0.5 h1:RvKq7E1BZJtz5ubSkBun20jXxIsMWt2oZ0ppTJOzX1A=
github.com/MicahParks/recaptcha v0.0.5/go.mod h1:aFv3iZDDs6Pbi6tRpUm8gofaTUnDxOQ27x5KsK0CZwE=
github.com/MicahParks/templater v0.0.3 h1:RzWpZMVWMaO+1Uolla1lCLNlwkmusbQQjAXLSCKZnYo=
github.com/MicahParks/templater v0.0.3/go.mod h1:N8bUCJg9gdP+hDAZAzfeYuvKZuuMH/MVOKqT3YcH+9g=
github.com/google/uuid v1.6.0 h1:NIvaJDMOsjHA8n1jAhLSgzrAzy1Hgr+hNrb57e+94F0=
github.com/google/uuid v1.6.0/go.mod h1:TIyPZe4MgqvfeYDBFedMoGGpEw/LqOeaOT+nhxU+yHo=
golang.org/x/time v0.14.0 h1:MRx4UaLrDotUKUdCIqzPC48t1Y9hANFKIRpNx+Te8PI=
golang.org/x/time v0.14.0/go.mod h1:eL/Oa2bBBK0TkX57Fyni+NgnyQQN4LitPmob2Hjnqw4=
